
Microsoft Visual Studio Solution File, Format Version 12.00
# Visual Studio 15
VisualStudioVersion = 15.0.28307.438
MinimumVisualStudioVersion = 10.0.40219.1
Project("{FAE04EC0-301F-11D3-BF4B-00C04F79EFBC}") = "KinectApp", "KinectApp\KinectApp.csproj", "{55A3D212-55B1-4C0E-A742-3A6E1F83A098}"
EndProject
Project("{FAE04EC0-301F-11D3-BF4B-00C04F79EFBC}") = "BodyBasics-WPF", "BodyBasics-WPF\BodyBasics-WPF.csproj", "{269A7B21-FBFE-4E7A-8BBE-C8DE2EC0D833}"
EndProject
Global
	GlobalSection(SolutionConfigurationPlatforms) = preSolution
		Debug|Any CPU = Debug|Any CPU
		Release|Any CPU = Release|Any CPU
	EndGlobalSection
	GlobalSection(ProjectConfigurationPlatforms) = postSolution
		{55A3D212-55B1-4C0E-A742-3A6E1F83A098}.Debug|Any CPU.ActiveCfg = Debug|Any CPU
		{55A3D212-55B1-4C0E-A742-3A6E1F83A098}.Debug|Any CPU.Build.0 = Debug|Any CPU
		{55A3D212-55B1-4C0E-A742-3A6E1F83A098}.Release|Any CPU.ActiveCfg = Release|Any CPU
		{55A3D212-55B1-4C0E-A742-3A6E1F83A098}.Release|Any CPU.Build.0 = Release|Any CPU
		{269A7B21-FBFE-4E7A-8BBE-C8DE2EC0D833}.Debug|Any CPU.ActiveCfg = Debug|Any CPU
		{269A7B21-FBFE-4E7A-8BBE-C8DE2EC0D833}.Debug|Any CPU.Build.0 = Debug|Any CPU
		{269A7B21-FBFE-4E7A-8BBE-C8DE2EC0D833}.Release|Any CPU.ActiveCfg = Release|Any CPU
		{269A7B21-FBFE-4E7A-8BBE-C8DE2EC0D833}.Release|Any CPU.Build.0 = Release|Any CPU
	EndGlobalSection
	GlobalSection(SolutionProperties) = preSolution
		HideSolutionNode = FALSE
	EndGlobalSection
	GlobalSection(ExtensibilityGlobals) = postSolution
		SolutionGuid = {D23F4D97-706B-484B-858B-A48DD1D7F6A0}
	EndGlobalSection
EndGlobal
